
Microsoft Visual Studio Solution File, Format Version 12.00
# Visual Studio Version 16
VisualStudioVersion = 16.0.29905.134
MinimumVisualStudioVersion = 10.0.40219.1
Project("{FAE04EC0-301F-11D3-BF4B-00C04F79EFBC}") = "AlelaProject", "AlelaProject\AlelaProject.csproj", "{2AC5A14D-4749-4BDE-9B90-F033A0D68728}"
EndProject
Global
	GlobalSection(SolutionConfigurationPlatforms) = preSolution
		Debug|Any CPU = Debug|Any CPU
		Release|Any CPU = Release|Any CPU
	EndGlobalSection
	GlobalSection(ProjectConfigurationPlatforms) = postSolution
		{2AC5A14D-4749-4BDE-9B90-F033A0D68728}.Debug|Any CPU.ActiveCfg = Debug|Any CPU
		{2AC5A14D-4749-4BDE-9B90-F033A0D68728}.Debug|Any CPU.Build.0 = Debug|Any CPU
		{2AC5A14D-4749-4BDE-9B90-F033A0D68728}.Release|Any CPU.ActiveCfg = Release|Any CPU
		{2AC5A14D-4749-4BDE-9B90-F033A0D68728}.Release|Any CPU.Build.0 = Release|Any CPU
	EndGlobalSection
	GlobalSection(SolutionProperties) = preSolution
		HideSolutionNode = FALSE
	EndGlobalSection
	GlobalSection(ExtensibilityGlobals) = postSolution
		SolutionGuid = {E0E1D6AF-46EE-42A3-9A66-7DBC108595CF}
	EndGlobalSection
EndGlobal
